// !$*UTF8*$!
{
	archiveVersion = 1;
	classes = {
	};
	objectVersion = 50;
	objects = {

/* Begin PBXBuildFile section */
		B352A7D52254AAFA00BB362F /* AppDelegate.swift in Sources */ = {isa = PBXBuildFile; fileRef = B352A7D42254AAFA00BB362F /* AppDelegate.swift */; };
		B352A7D72254AAFA00BB362F /* ViewController.swift in Sources */ = {isa = PBXBuildFile; fileRef = B352A7D62254AAFA00BB362F /* ViewController.swift */; };
		B352A7DA2254AAFA00BB362F /* Main.storyboard in Resources */ = {isa = PBXBuildFile; fileRef = B352A7D82254AAFA00BB362F /* Main.storyboard */; };
		B352A7DC2254AAFC00BB362F /* Assets.xcassets in Resources */ = {isa = PBXBuildFile; fileRef = B352A7DB2254AAFC00BB362F /* Assets.xcassets */; };
		B352A7DF2254AAFC00BB362F /* LaunchScreen.storyboard in Resources */ = {isa = PBXBuildFile; fileRef = B352A7DD2254AAFC00BB362F /* LaunchScreen.storyboard */; };
		B352A7E82254B03500BB362F /* CDShareSheet.swift in Sources */ = {isa = PBXBuildFile; fileRef = B352A7E72254B03500BB362F /* CDShareSheet.swift */; };
		B352A7EA2254B1B500BB362F /* CDShareItem.swift in Sources */ = {isa = PBXBuildFile; fileRef = B352A7E92254B1B500BB362F /* CDShareItem.swift */; };
		B352A8402255B3A900BB362F /* CDShareToolBar.swift in Sources */ = {isa = PBXBuildFile; fileRef = B352A83F2255B3A900BB362F /* CDShareToolBar.swift */; };
		B352A8422255B80A00BB362F /* CDShareDefine.swift in Sources */ = {isa = PBXBuildFile; fileRef = B352A8412255B80A00BB362F /* CDShareDefine.swift */; };
		B352A844225B28A800BB362F /* CDShareSheetCell.swift in Sources */ = {isa = PBXBuildFile; fileRef = B352A843225B28A800BB362F /* CDShareSheetCell.swift */; };
		B352A846225B37C600BB362F /* CDShareItemCell.swift in Sources */ = {isa = PBXBuildFile; fileRef = B352A845225B37C600BB362F /* CDShareItemCell.swift */; };
		B352A84D225BA29000BB362F /* CDShareSheet.podspec in Resources */ = {isa = PBXBuildFile; fileRef = B352A849225BA29000BB362F /* CDShareSheet.podspec */; };
		B352A84E225BA29000BB362F /* ScreenShot.png in Resources */ = {isa = PBXBuildFile; fileRef = B352A84A225BA29000BB362F /* ScreenShot.png */; };
		B352A84F225BA29000BB362F /* LICENSE in Resources */ = {isa = PBXBuildFile; fileRef = B352A84B225BA29000BB362F /* LICENSE */; };
		B352A850225BA29000BB362F /* README.md in Resources */ = {isa = PBXBuildFile; fileRef = B352A84C225BA29000BB362F /* README.md */; };
/* End PBXBuildFile section */

/* Begin PBXFileReference section */
		B352A7D12254AAFA00BB362F /* CDShareSheet.app */ = {isa = PBXFileReference; explicitFileType = wrapper.application; includeInIndex = 0; path = CDShareSheet.app; sourceTree = BUILT_PRODUCTS_DIR; };
		B352A7D42254AAFA00BB362F /* AppDelegate.swift */ = {isa = PBXFileReference; lastKnownFileType = sourcecode.swift; path = AppDelegate.swift; sourceTree = "<group>"; };
		B352A7D62254AAFA00BB362F /* ViewController.swift */ = {isa = PBXFileReference; lastKnownFileType = sourcecode.swift; path = ViewController.swift; sourceTree = "<group>"; };
		B352A7D92254AAFA00BB362F /* Base */ = {isa = PBXFileReference; lastKnownFileType = file.storyboard; name = Base; path = Base.lproj/Main.storyboard; sourceTree = "<group>"; };
		B352A7DB2254AAFC00BB362F /* Assets.xcassets */ = {isa = PBXFileReference; lastKnownFileType = folder.assetcatalog; path = Assets.xcassets; sourceTree = "<group>"; };
		B352A7DE2254AAFC00BB362F /* Base */ = {isa = PBXFileReference; lastKnownFileType = file.storyboard; name = Base; path = Base.lproj/LaunchScreen.storyboard; sourceTree = "<group>"; };
		B352A7E02254AAFC00BB362F /* Info.plist */ = {isa = PBXFileReference; lastKnownFileType = text.plist.xml; path = Info.plist; sourceTree = "<group>"; };
		B352A7E72254B03500BB362F /* CDShareSheet.swift */ = {isa = PBXFileReference; lastKnownFileType = sourcecode.swift; path = CDShareSheet.swift; sourceTree = "<group>"; };
		B352A7E92254B1B500BB362F /* CDShareItem.swift */ = {isa = PBXFileReference; lastKnownFileType = sourcecode.swift; path = CDShareItem.swift; sourceTree = "<group>"; };
		B352A83F2255B3A900BB362F /* CDShareToolBar.swift */ = {isa = PBXFileReference; lastKnownFileType = sourcecode.swift; path = CDShareToolBar.swift; sourceTree = "<group>"; };
		B352A8412255B80A00BB362F /* CDShareDefine.swift */ = {isa = PBXFileReference; lastKnownFileType = sourcecode.swift; path = CDShareDefine.swift; sourceTree = "<group>"; };
		B352A843225B28A800BB362F /* CDShareSheetCell.swift */ = {isa = PBXFileReference; lastKnownFileType = sourcecode.swift; path = CDShareSheetCell.swift; sourceTree = "<group>"; };
		B352A845225B37C600BB362F /* CDShareItemCell.swift */ = {isa = PBXFileReference; lastKnownFileType = sourcecode.swift; path = CDShareItemCell.swift; sourceTree = "<group>"; };
		B352A849225BA29000BB362F /* CDShareSheet.podspec */ = {isa = PBXFileReference; fileEncoding = 4; lastKnownFileType = text; path = CDShareSheet.podspec; sourceTree = "<group>"; };
		B352A84A225BA29000BB362F /* ScreenShot.png */ = {isa = PBXFileReference; lastKnownFileType = image.png; path = ScreenShot.png; sourceTree = "<group>"; };
		B352A84B225BA29000BB362F /* LICENSE */ = {isa = PBXFileReference; fileEncoding = 4; lastKnownFileType = text; path = LICENSE; sourceTree = "<group>"; };
		B352A84C225BA29000BB362F /* README.md */ = {isa = PBXFileReference; fileEncoding = 4; lastKnownFileType = net.daringfireball.markdown; path = README.md; sourceTree = "<group>"; };
/* End PBXFileReference section */

/* Begin PBXFrameworksBuildPhase section */
		B352A7CE2254AAFA00BB362F /* Frameworks */ = {
			isa = PBXFrameworksBuildPhase;
			buildActionMask = 2147483647;
			files = (
			);
			runOnlyForDeploymentPostprocessing = 0;
		};
/* End PBXFrameworksBuildPhase section */

/* Begin PBXGroup section */
		B352A7C82254AAFA00BB362F = {
			isa = PBXGroup;
			children = (
				B352A849225BA29000BB362F /* CDShareSheet.podspec */,
				B352A84B225BA29000BB362F /* LICENSE */,
				B352A84C225BA29000BB362F /* README.md */,
				B352A84A225BA29000BB362F /* ScreenShot.png */,
				B352A7D32254AAFA00BB362F /* CDShareSheet */,
				B352A7D22254AAFA00BB362F /* Products */,
			);
			sourceTree = "<group>";
		};
		B352A7D22254AAFA00BB362F /* Products */ = {
			isa = PBXGroup;
			children = (
				B352A7D12254AAFA00BB362F /* CDShareSheet.app */,
			);
			name = Products;
			sourceTree = "<group>";
		};
		B352A7D32254AAFA00BB362F /* CDShareSheet */ = {
			isa = PBXGroup;
			children = (
				B352A7E62254AFFC00BB362F /* CDShareSheet */,
				B352A7D42254AAFA00BB362F /* AppDelegate.swift */,
				B352A7D62254AAFA00BB362F /* ViewController.swift */,
				B352A7D82254AAFA00BB362F /* Main.storyboard */,
				B352A7DB2254AAFC00BB362F /* Assets.xcassets */,
				B352A7DD2254AAFC00BB362F /* LaunchScreen.storyboard */,
				B352A7E02254AAFC00BB362F /* Info.plist */,
			);
			path = CDShareSheet;
			sourceTree = "<group>";
		};
		B352A7E62254AFFC00BB362F /* CDShareSheet */ = {
			isa = PBXGroup;
			children = (
				B352A8412255B80A00BB362F /* CDShareDefine.swift */,
				B352A7E72254B03500BB362F /* CDShareSheet.swift */,
				B352A83F2255B3A900BB362F /* CDShareToolBar.swift */,
				B352A843225B28A800BB362F /* CDShareSheetCell.swift */,
				B352A845225B37C600BB362F /* CDShareItemCell.swift */,
				B352A7E92254B1B500BB362F /* CDShareItem.swift */,
			);
			path = CDShareSheet;
			sourceTree = "<group>";
		};
/* End PBXGroup section */

/* Begin PBXNativeTarget section */
		B352A7D02254AAFA00BB362F /* CDShareSheet */ = {
			isa = PBXNativeTarget;
			buildConfigurationList = B352A7E32254AAFC00BB362F /* Build configuration list for PBXNativeTarget "CDShareSheet" */;
			buildPhases = (
				B352A7CD2254AAFA00BB362F /* Sources */,
				B352A7CE2254AAFA00BB362F /* Frameworks */,
				B352A7CF2254AAFA00BB362F /* Resources */,
			);
			buildRules = (
			);
			dependencies = (
			);
			name = CDShareSheet;
			productName = CDShareSheet;
			productReference = B352A7D12254AAFA00BB362F /* CDShareSheet.app */;
			productType = "com.apple.product-type.application";
		};
/* End PBXNativeTarget section */

/* Begin PBXProject section */
		B352A7C92254AAFA00BB362F /* Project object */ = {
			isa = PBXProject;
			attributes = {
				LastSwiftUpdateCheck = 1020;
				LastUpgradeCheck = 1020;
				ORGANIZATIONNAME = chardxu;
				TargetAttributes = {
					B352A7D02254AAFA00BB362F = {
						CreatedOnToolsVersion = 10.2;
					};
				};
			};
			buildConfigurationList = B352A7CC2254AAFA00BB362F /* Build configuration list for PBXProject "CDShareSheet" */;
			compatibilityVersion = "Xcode 9.3";
			developmentRegion = en;
			hasScannedForEncodings = 0;
			knownRegions = (
				en,
				Base,
			);
			mainGroup = B352A7C82254AAFA00BB362F;
			productRefGroup = B352A7D22254AAFA00BB362F /* Products */;
			projectDirPath = "";
			projectRoot = "";
			targets = (
				B352A7D02254AAFA00BB362F /* CDShareSheet */,
			);
		};
/* End PBXProject section */

/* Begin PBXResourcesBuildPhase section */
		B352A7CF2254AAFA00BB362F /* Resources */ = {
			isa = PBXResourcesBuildPhase;
			buildActionMask = 2147483647;
			files = (
				B352A84F225BA29000BB362F /* LICENSE in Resources */,
				B352A7DF2254AAFC00BB362F /* LaunchScreen.storyboard in Resources */,
				B352A7DC2254AAFC00BB362F /* Assets.xcassets in Resources */,
				B352A850225BA29000BB362F /* README.md in Resources */,
				B352A84E225BA29000BB362F /* ScreenShot.png in Resources */,
				B352A7DA2254AAFA00BB362F /* Main.storyboard in Resources */,
				B352A84D225BA29000BB362F /* CDShareSheet.podspec in Resources */,
			);
			runOnlyForDeploymentPostprocessing = 0;
		};
/* End PBXResourcesBuildPhase section */

/* Begin PBXSourcesBuildPhase section */
		B352A7CD2254AAFA00BB362F /* Sources */ = {
			isa = PBXSourcesBuildPhase;
			buildActionMask = 2147483647;
			files = (
				B352A7E82254B03500BB362F /* CDShareSheet.swift in Sources */,
				B352A846225B37C600BB362F /* CDShareItemCell.swift in Sources */,
				B352A7EA2254B1B500BB362F /* CDShareItem.swift in Sources */,
				B352A7D72254AAFA00BB362F /* ViewController.swift in Sources */,
				B352A8422255B80A00BB362F /* CDShareDefine.swift in Sources */,
				B352A8402255B3A900BB362F /* CDShareToolBar.swift in Sources */,
				B352A844225B28A800BB362F /* CDShareSheetCell.swift in Sources */,
				B352A7D52254AAFA00BB362F /* AppDelegate.swift in Sources */,
			);
			runOnlyForDeploymentPostprocessing = 0;
		};
/* End PBXSourcesBuildPhase section */

/* Begin PBXVariantGroup section */
		B352A7D82254AAFA00BB362F /* Main.storyboard */ = {
			isa = PBXVariantGroup;
			children = (
				B352A7D92254AAFA00BB362F /* Base */,
			);
			name = Main.storyboard;
			sourceTree = "<group>";
		};
		B352A7DD2254AAFC00BB362F /* LaunchScreen.storyboard */ = {
			isa = PBXVariantGroup;
			children = (
				B352A7DE2254AAFC00BB362F /* Base */,
			);
			name = LaunchScreen.storyboard;
			sourceTree = "<group>";
		};
/* End PBXVariantGroup section */

/* Begin XCBuildConfiguration section */
		B352A7E12254AAFC00BB362F /* Debug */ = {
			isa = XCBuildConfiguration;
			buildSettings = {
				ALWAYS_SEARCH_USER_PATHS = NO;
				CLANG_ANALYZER_NONNULL = YES;
				CLANG_ANALYZER_NUMBER_OBJECT_CONVERSION = YES_AGGRESSIVE;
				CLANG_CXX_LANGUAGE_STANDARD = "gnu++14";
				CLANG_CXX_LIBRARY = "libc++";
				CLANG_ENABLE_MODULES = YES;
				CLANG_ENABLE_OBJC_ARC = YES;
				CLANG_ENABLE_OBJC_WEAK = YES;
				CLANG_WARN_BLOCK_CAPTURE_AUTORELEASING = YES;
				CLANG_WARN_BOOL_CONVERSION = YES;
				CLANG_WARN_COMMA = YES;
				CLANG_WARN_CONSTANT_CONVERSION = YES;
				CLANG_WARN_DEPRECATED_OBJC_IMPLEMENTATIONS = YES;
				CLANG_WARN_DIRECT_OBJC_ISA_USAGE = YES_ERROR;
				CLANG_WARN_DOCUMENTATION_COMMENTS = YES;
				CLANG_WARN_EMPTY_BODY = YES;
				CLANG_WARN_ENUM_CONVERSION = YES;
				CLANG_WARN_INFINITE_RECURSION = YES;
				CLANG_WARN_INT_CONVERSION = YES;
				CLANG_WARN_NON_LITERAL_NULL_CONVERSION = YES;
				CLANG_WARN_OBJC_IMPLICIT_RETAIN_SELF = YES;
				CLANG_WARN_OBJC_LITERAL_CONVERSION = YES;
				CLANG_WARN_OBJC_ROOT_CLASS = YES_ERROR;
				CLANG_WARN_RANGE_LOOP_ANALYSIS = YES;
				CLANG_WARN_STRICT_PROTOTYPES = YES;
				CLANG_WARN_SUSPICIOUS_MOVE = YES;
				CLANG_WARN_UNGUARDED_AVAILABILITY = YES_AGGRESSIVE;
				CLANG_WARN_UNREACHABLE_CODE = YES;
				CLANG_WARN__DUPLICATE_METHOD_MATCH = YES;
				CODE_SIGN_IDENTITY = "iPhone Developer";
				COPY_PHASE_STRIP = NO;
				DEBUG_INFORMATION_FORMAT = dwarf;
				ENABLE_STRICT_OBJC_MSGSEND = YES;
				ENABLE_TESTABILITY = YES;
				GCC_C_LANGUAGE_STANDARD = gnu11;
				GCC_DYNAMIC_NO_PIC = NO;
				GCC_NO_COMMON_BLOCKS = YES;
				GCC_OPTIMIZATION_LEVEL = 0;
				GCC_PREPROCESSOR_DEFINITIONS = (
					"DEBUG=1",
					"$(inherited)",
				);
				GCC_WARN_64_TO_32_BIT_CONVERSION = YES;
				GCC_WARN_ABOUT_RETURN_TYPE = YES_ERROR;
				GCC_WARN_UNDECLARED_SELECTOR = YES;
				GCC_WARN_UNINITIALIZED_AUTOS = YES_AGGRESSIVE;
				GCC_WARN_UNUSED_FUNCTION = YES;
				GCC_WARN_UNUSED_VARIABLE = YES;
				IPHONEOS_DEPLOYMENT_TARGET = 12.2;
				MTL_ENABLE_DEBUG_INFO = INCLUDE_SOURCE;
				MTL_FAST_MATH = YES;
				ONLY_ACTIVE_ARCH = YES;
				SDKROOT = iphoneos;
				SWIFT_ACTIVE_COMPILATION_CONDITIONS = DEBUG;
				SWIFT_OPTIMIZATION_LEVEL = "-Onone";
			};
			name = Debug;
		};
		B352A7E22254AAFC00BB362F /* Release */ = {
			isa = XCBuildConfiguration;
			buildSettings = {
				ALWAYS_SEARCH_USER_PATHS = NO;
				CLANG_ANALYZER_NONNULL = YES;
				CLANG_ANALYZER_NUMBER_OBJECT_CONVERSION = YES_AGGRESSIVE;
				CLANG_CXX_LANGUAGE_STANDARD = "gnu++14";
				CLANG_CXX_LIBRARY = "libc++";
				CLANG_ENABLE_MODULES = YES;
				CLANG_ENABLE_OBJC_ARC = YES;
				CLANG_ENABLE_OBJC_WEAK = YES;
				CLANG_WARN_BLOCK_CAPTURE_AUTORELEASING = YES;
				CLANG_WARN_BOOL_CONVERSION = YES;
				CLANG_WARN_COMMA = YES;
				CLANG_WARN_CONSTANT_CONVERSION = YES;
				CLANG_WARN_DEPRECATED_OBJC_IMPLEMENTATIONS = YES;
				CLANG_WARN_DIRECT_OBJC_ISA_USAGE = YES_ERROR;
				CLANG_WARN_DOCUMENTATION_COMMENTS = YES;
				CLANG_WARN_EMPTY_BODY = YES;
				CLANG_WARN_ENUM_CONVERSION = YES;
				CLANG_WARN_INFINITE_RECURSION = YES;
				CLANG_WARN_INT_CONVERSION = YES;
				CLANG_WARN_NON_LITERAL_NULL_CONVERSION = YES;
				CLANG_WARN_OBJC_IMPLICIT_RETAIN_SELF = YES;
				CLANG_WARN_OBJC_LITERAL_CONVERSION = YES;
				CLANG_WARN_OBJC_ROOT_CLASS = YES_ERROR;
				CLANG_WARN_RANGE_LOOP_ANALYSIS = YES;
				CLANG_WARN_STRICT_PROTOTYPES = YES;
				CLANG_WARN_SUSPICIOUS_MOVE = YES;
				CLANG_WARN_UNGUARDED_AVAILABILITY = YES_AGGRESSIVE;
				CLANG_WARN_UNREACHABLE_CODE = YES;
				CLANG_WARN__DUPLICATE_METHOD_MATCH = YES;
				CODE_SIGN_IDENTITY = "iPhone Developer";
				COPY_PHASE_STRIP = NO;
				DEBUG_INFORMATION_FORMAT = "dwarf-with-dsym";
				ENABLE_NS_ASSERTIONS = NO;
				ENABLE_STRICT_OBJC_MSGSEND = YES;
				GCC_C_LANGUAGE_STANDARD = gnu11;
				GCC_NO_COMMON_BLOCKS = YES;
				GCC_WARN_64_TO_32_BIT_CONVERSION = YES;
				GCC_WARN_ABOUT_RETURN_TYPE = YES_ERROR;
				GCC_WARN_UNDECLARED_SELECTOR = YES;
				GCC_WARN_UNINITIALIZED_AUTOS = YES_AGGRESSIVE;
				GCC_WARN_UNUSED_FUNCTION = YES;
				GCC_WARN_UNUSED_VARIABLE = YES;
				IPHONEOS_DEPLOYMENT_TARGET = 12.2;
				MTL_ENABLE_DEBUG_INFO = NO;
				MTL_FAST_MATH = YES;
				SDKROOT = iphoneos;
				SWIFT_COMPILATION_MODE = wholemodule;
				SWIFT_OPTIMIZATION_LEVEL = "-O";
				VALIDATE_PRODUCT = YES;
			};
			name = Release;
		};
		B352A7E42254AAFC00BB362F /* Debug */ = {
			isa = XCBuildConfiguration;
			buildSettings = {
				ASSETCATALOG_COMPILER_APPICON_NAME = AppIcon;
				CODE_SIGN_STYLE = Automatic;
				INFOPLIST_FILE = CDShareSheet/Info.plist;
				LD_RUNPATH_SEARCH_PATHS = (
					"$(inherited)",
					"@executable_path/Frameworks",
				);
				PRODUCT_BUNDLE_IDENTIFIER = chardxu.CDShareSheet;
				PRODUCT_NAME = "$(TARGET_NAME)";
				SWIFT_VERSION = 5.0;
				TARGETED_DEVICE_FAMILY = "1,2";
			};
			name = Debug;
		};
		B352A7E52254AAFC00BB362F /* Release */ = {
			isa = XCBuildConfiguration;
			buildSettings = {
				ASSETCATALOG_COMPILER_APPICON_NAME = AppIcon;
				CODE_SIGN_STYLE = Automatic;
				INFOPLIST_FILE = CDShareSheet/Info.plist;
				LD_RUNPATH_SEARCH_PATHS = (
					"$(inherited)",
					"@executable_path/Frameworks",
				);
				PRODUCT_BUNDLE_IDENTIFIER = chardxu.CDShareSheet;
				PRODUCT_NAME = "$(TARGET_NAME)";
				SWIFT_VERSION = 5.0;
				TARGETED_DEVICE_FAMILY = "1,2";
			};
			name = Release;
		};
/* End XCBuildConfiguration section */

/* Begin XCConfigurationList section */
		B352A7CC2254AAFA00BB362F /* Build configuration list for PBXProject "CDShareSheet" */ = {
			isa = XCConfigurationList;
			buildConfigurations = (
				B352A7E12254AAFC00BB362F /* Debug */,
				B352A7E22254AAFC00BB362F /* Release */,
			);
			defaultConfigurationIsVisible = 0;
			defaultConfigurationName = Release;
		};
		B352A7E32254AAFC00BB362F /* Build configuration list for PBXNativeTarget "CDShareSheet" */ = {
			isa = XCConfigurationList;
			buildConfigurations = (
				B352A7E42254AAFC00BB362F /* Debug */,
				B352A7E52254AAFC00BB362F /* Release */,
			);
			defaultConfigurationIsVisible = 0;
			defaultConfigurationName = Release;
		};
/* End XCConfigurationList section */
	};
	rootObject = B352A7C92254AAFA00BB362F /* Project object */;
}
